
Microsoft Visual Studio Solution File, Format Version 12.00
# Visual Studio Version 17
VisualStudioVersion = 17.9.34728.123
MinimumVisualStudioVersion = 10.0.40219.1
Project("{FAE04EC0-301F-11D3-BF4B-00C04F79EFBC}") = "Task 1-3", "Task 1-3\Task 1-3.csproj", "{DC86D5D3-8083-4953-8D48-D1FE6E81F9DB}"
EndProject
Global
	GlobalSection(SolutionConfigurationPlatforms) = preSolution
		Debug|Any CPU = Debug|Any CPU
		Release|Any CPU = Release|Any CPU
	EndGlobalSection
	GlobalSection(ProjectConfigurationPlatforms) = postSolution
		{DC86D5D3-8083-4953-8D48-D1FE6E81F9DB}.Debug|Any CPU.ActiveCfg = Debug|Any CPU
		{DC86D5D3-8083-4953-8D48-D1FE6E81F9DB}.Debug|Any CPU.Build.0 = Debug|Any CPU
		{DC86D5D3-8083-4953-8D48-D1FE6E81F9DB}.Release|Any CPU.ActiveCfg = Release|Any CPU
		{DC86D5D3-8083-4953-8D48-D1FE6E81F9DB}.Release|Any CPU.Build.0 = Release|Any CPU
	EndGlobalSection
	GlobalSection(SolutionProperties) = preSolution
		HideSolutionNode = FALSE
	EndGlobalSection
	GlobalSection(ExtensibilityGlobals) = postSolution
		SolutionGuid = {A14598BA-B295-4729-ABFC-DA56C1E15004}
	EndGlobalSection
EndGlobal
