
Microsoft Visual Studio Solution File, Format Version 12.00
# Visual Studio Version 17
VisualStudioVersion = 17.9.34728.123
MinimumVisualStudioVersion = 10.0.40219.1
Project("{FAE04EC0-301F-11D3-BF4B-00C04F79EFBC}") = "PractWork6", "PractWork6\PractWork6.csproj", "{53BF0740-BF09-4021-AA8B-1352A83625E5}"
EndProject
Global
	GlobalSection(SolutionConfigurationPlatforms) = preSolution
		Debug|Any CPU = Debug|Any CPU
		Release|Any CPU = Release|Any CPU
	EndGlobalSection
	GlobalSection(ProjectConfigurationPlatforms) = postSolution
		{53BF0740-BF09-4021-AA8B-1352A83625E5}.Debug|Any CPU.ActiveCfg = Debug|Any CPU
		{53BF0740-BF09-4021-AA8B-1352A83625E5}.Debug|Any CPU.Build.0 = Debug|Any CPU
		{53BF0740-BF09-4021-AA8B-1352A83625E5}.Release|Any CPU.ActiveCfg = Release|Any CPU
		{53BF0740-BF09-4021-AA8B-1352A83625E5}.Release|Any CPU.Build.0 = Release|Any CPU
	EndGlobalSection
	GlobalSection(SolutionProperties) = preSolution
		HideSolutionNode = FALSE
	EndGlobalSection
	GlobalSection(ExtensibilityGlobals) = postSolution
		SolutionGuid = {AE8E1DBE-1E2B-43B0-B0A2-D6FA25FA34CB}
	EndGlobalSection
EndGlobal
